
Microsoft Visual Studio Solution File, Format Version 12.00
# Visual Studio Version 17
VisualStudioVersion = 17.6.33829.357
MinimumVisualStudioVersion = 10.0.40219.1
Project("{FAE04EC0-301F-11D3-BF4B-00C04F79EFBC}") = "MyWebsite", "MyWebsite\MyWebsite.csproj", "{D55EA7E8-4C91-4600-B7FD-E3B0EAA99A15}"
EndProject
Global
	GlobalSection(SolutionConfigurationPlatforms) = preSolution
		Debug|Any CPU = Debug|Any CPU
		Release|Any CPU = Release|Any CPU
	EndGlobalSection
	GlobalSection(ProjectConfigurationPlatforms) = postSolution
		{D55EA7E8-4C91-4600-B7FD-E3B0EAA99A15}.Debug|Any CPU.ActiveCfg = Debug|Any CPU
		{D55EA7E8-4C91-4600-B7FD-E3B0EAA99A15}.Debug|Any CPU.Build.0 = Debug|Any CPU
		{D55EA7E8-4C91-4600-B7FD-E3B0EAA99A15}.Release|Any CPU.ActiveCfg = Release|Any CPU
		{D55EA7E8-4C91-4600-B7FD-E3B0EAA99A15}.Release|Any CPU.Build.0 = Release|Any CPU
	EndGlobalSection
	GlobalSection(SolutionProperties) = preSolution
		HideSolutionNode = FALSE
	EndGlobalSection
	GlobalSection(ExtensibilityGlobals) = postSolution
		SolutionGuid = {A15AF54B-D63F-42C5-AFB8-8F0CAF324EA0}
	EndGlobalSection
EndGlobal
